// !$*UTF8*$!
{
	archiveVersion = 1;
	classes = {
	};
	objectVersion = 46;
	objects = {

/* Begin PBXBuildFile section */
		058D2FB41B33FEDA00DFB38A /* AppDelegate.swift in Sources */ = {isa = PBXBuildFile; fileRef = 058D2FB31B33FEDA00DFB38A /* AppDelegate.swift */; };
		058D2FB61B33FEDA00DFB38A /* ViewController.swift in Sources */ = {isa = PBXBuildFile; fileRef = 058D2FB51B33FEDA00DFB38A /* ViewController.swift */; };
		058D2FB91B33FEDA00DFB38A /* Main.storyboard in Resources */ = {isa = PBXBuildFile; fileRef = 058D2FB71B33FEDA00DFB38A /* Main.storyboard */; };
		058D2FBB1B33FEDA00DFB38A /* Images.xcassets in Resources */ = {isa = PBXBuildFile; fileRef = 058D2FBA1B33FEDA00DFB38A /* Images.xcassets */; };
		058D2FBE1B33FEDA00DFB38A /* LaunchScreen.xib in Resources */ = {isa = PBXBuildFile; fileRef = 058D2FBC1B33FEDA00DFB38A /* LaunchScreen.xib */; };
		058D2FCA1B33FEDA00DFB38A /* ProximityTestTests.swift in Sources */ = {isa = PBXBuildFile; fileRef = 058D2FC91B33FEDA00DFB38A /* ProximityTestTests.swift */; };
/* End PBXBuildFile section */

/* Begin PBXContainerItemProxy section */
		058D2FC41B33FEDA00DFB38A /* PBXContainerItemProxy */ = {
			isa = PBXContainerItemProxy;
			containerPortal = 058D2FA61B33FEDA00DFB38A /* Project object */;
			proxyType = 1;
			remoteGlobalIDString = 058D2FAD1B33FEDA00DFB38A;
			remoteInfo = ProximityTest;
		};
/* End PBXContainerItemProxy section */

/* Begin PBXFileReference section */
		058D2FAE1B33FEDA00DFB38A /* ProximityTest.app */ = {isa = PBXFileReference; explicitFileType = wrapper.application; includeInIndex = 0; path = ProximityTest.app; sourceTree = BUILT_PRODUCTS_DIR; };
		058D2FB21B33FEDA00DFB38A /* Info.plist */ = {isa = PBXFileReference; lastKnownFileType = text.plist.xml; path = Info.plist; sourceTree = "<group>"; };
		058D2FB31B33FEDA00DFB38A /* AppDelegate.swift */ = {isa = PBXFileReference; lastKnownFileType = sourcecode.swift; path = AppDelegate.swift; sourceTree = "<group>"; };
		058D2FB51B33FEDA00DFB38A /* ViewController.swift */ = {isa = PBXFileReference; lastKnownFileType = sourcecode.swift; path = ViewController.swift; sourceTree = "<group>"; };
		058D2FB81B33FEDA00DFB38A /* Base */ = {isa = PBXFileReference; lastKnownFileType = file.storyboard; name = Base; path = Base.lproj/Main.storyboard; sourceTree = "<group>"; };
		058D2FBA1B33FEDA00DFB38A /* Images.xcassets */ = {isa = PBXFileReference; lastKnownFileType = folder.assetcatalog; path = Images.xcassets; sourceTree = "<group>"; };
		058D2FBD1B33FEDA00DFB38A /* Base */ = {isa = PBXFileReference; lastKnownFileType = file.xib; name = Base; path = Base.lproj/LaunchScreen.xib; sourceTree = "<group>"; };
		058D2FC31B33FEDA00DFB38A /* ProximityTestTests.xctest */ = {isa = PBXFileReference; explicitFileType = wrapper.cfbundle; includeInIndex = 0; path = ProximityTestTests.xctest; sourceTree = BUILT_PRODUCTS_DIR; };
		058D2FC81B33FEDA00DFB38A /* Info.plist */ = {isa = PBXFileReference; lastKnownFileType = text.plist.xml; path = Info.plist; sourceTree = "<group>"; };
		058D2FC91B33FEDA00DFB38A /* ProximityTestTests.swift */ = {isa = PBXFileReference; lastKnownFileType = sourcecode.swift; path = ProximityTestTests.swift; sourceTree = "<group>"; };
/* End PBXFileReference section */

/* Begin PBXFrameworksBuildPhase section */
		058D2FAB1B33FEDA00DFB38A /* Frameworks */ = {
			isa = PBXFrameworksBuildPhase;
			buildActionMask = 2147483647;
			files = (
			);
			runOnlyForDeploymentPostprocessing = 0;
		};
		058D2FC01B33FEDA00DFB38A /* Frameworks */ = {
			isa = PBXFrameworksBuildPhase;
			buildActionMask = 2147483647;
			files = (
			);
			runOnlyForDeploymentPostprocessing = 0;
		};
/* End PBXFrameworksBuildPhase section */

/* Begin PBXGroup section */
		058D2FA51B33FEDA00DFB38A = {
			isa = PBXGroup;
			children = (
				058D2FB01B33FEDA00DFB38A /* ProximityTest */,
				058D2FC61B33FEDA00DFB38A /* ProximityTestTests */,
				058D2FAF1B33FEDA00DFB38A /* Products */,
			);
			sourceTree = "<group>";
		};
		058D2FAF1B33FEDA00DFB38A /* Products */ = {
			isa = PBXGroup;
			children = (
				058D2FAE1B33FEDA00DFB38A /* ProximityTest.app */,
				058D2FC31B33FEDA00DFB38A /* ProximityTestTests.xctest */,
			);
			name = Products;
			sourceTree = "<group>";
		};
		058D2FB01B33FEDA00DFB38A /* ProximityTest */ = {
			isa = PBXGroup;
			children = (
				058D2FB31B33FEDA00DFB38A /* AppDelegate.swift */,
				058D2FB51B33FEDA00DFB38A /* ViewController.swift */,
				058D2FB71B33FEDA00DFB38A /* Main.storyboard */,
				058D2FBA1B33FEDA00DFB38A /* Images.xcassets */,
				058D2FBC1B33FEDA00DFB38A /* LaunchScreen.xib */,
				058D2FB11B33FEDA00DFB38A /* Supporting Files */,
			);
			path = ProximityTest;
			sourceTree = "<group>";
		};
		058D2FB11B33FEDA00DFB38A /* Supporting Files */ = {
			isa = PBXGroup;
			children = (
				058D2FB21B33FEDA00DFB38A /* Info.plist */,
			);
			name = "Supporting Files";
			sourceTree = "<group>";
		};
		058D2FC61B33FEDA00DFB38A /* ProximityTestTests */ = {
			isa = PBXGroup;
			children = (
				058D2FC91B33FEDA00DFB38A /* ProximityTestTests.swift */,
				058D2FC71B33FEDA00DFB38A /* Supporting Files */,
			);
			path = ProximityTestTests;
			sourceTree = "<group>";
		};
		058D2FC71B33FEDA00DFB38A /* Supporting Files */ = {
			isa = PBXGroup;
			children = (
				058D2FC81B33FEDA00DFB38A /* Info.plist */,
			);
			name = "Supporting Files";
			sourceTree = "<group>";
		};
/* End PBXGroup section */

/* Begin PBXNativeTarget section */
		058D2FAD1B33FEDA00DFB38A /* ProximityTest */ = {
			isa = PBXNativeTarget;
			buildConfigurationList = 058D2FCD1B33FEDA00DFB38A /* Build configuration list for PBXNativeTarget "ProximityTest" */;
			buildPhases = (
				058D2FAA1B33FEDA00DFB38A /* Sources */,
				058D2FAB1B33FEDA00DFB38A /* Frameworks */,
				058D2FAC1B33FEDA00DFB38A /* Resources */,
			);
			buildRules = (
			);
			dependencies = (
			);
			name = ProximityTest;
			productName = ProximityTest;
			productReference = 058D2FAE1B33FEDA00DFB38A /* ProximityTest.app */;
			productType = "com.apple.product-type.application";
		};
		058D2FC21B33FEDA00DFB38A /* ProximityTestTests */ = {
			isa = PBXNativeTarget;
			buildConfigurationList = 058D2FD01B33FEDA00DFB38A /* Build configuration list for PBXNativeTarget "ProximityTestTests" */;
			buildPhases = (
				058D2FBF1B33FEDA00DFB38A /* Sources */,
				058D2FC01B33FEDA00DFB38A /* Frameworks */,
				058D2FC11B33FEDA00DFB38A /* Resources */,
			);
			buildRules = (
			);
			dependencies = (
				058D2FC51B33FEDA00DFB38A /* PBXTargetDependency */,
			);
			name = ProximityTestTests;
			productName = ProximityTestTests;
			productReference = 058D2FC31B33FEDA00DFB38A /* ProximityTestTests.xctest */;
			productType = "com.apple.product-type.bundle.unit-test";
		};
/* End PBXNativeTarget section */

/* Begin PBXProject section */
		058D2FA61B33FEDA00DFB38A /* Project object */ = {
			isa = PBXProject;
			attributes = {
				LastUpgradeCheck = 0630;
				ORGANIZATIONNAME = YipYip;
				TargetAttributes = {
					058D2FAD1B33FEDA00DFB38A = {
						CreatedOnToolsVersion = 6.3.2;
					};
					058D2FC21B33FEDA00DFB38A = {
						CreatedOnToolsVersion = 6.3.2;
						TestTargetID = 058D2FAD1B33FEDA00DFB38A;
					};
				};
			};
			buildConfigurationList = 058D2FA91B33FEDA00DFB38A /* Build configuration list for PBXProject "ProximityTest" */;
			compatibilityVersion = "Xcode 3.2";
			developmentRegion = English;
			hasScannedForEncodings = 0;
			knownRegions = (
				en,
				Base,
			);
			mainGroup = 058D2FA51B33FEDA00DFB38A;
			productRefGroup = 058D2FAF1B33FEDA00DFB38A /* Products */;
			projectDirPath = "";
			projectRoot = "";
			targets = (
				058D2FAD1B33FEDA00DFB38A /* ProximityTest */,
				058D2FC21B33FEDA00DFB38A /* ProximityTestTests */,
			);
		};
/* End PBXProject section */

/* Begin PBXResourcesBuildPhase section */
		058D2FAC1B33FEDA00DFB38A /* Resources */ = {
			isa = PBXResourcesBuildPhase;
			buildActionMask = 2147483647;
			files = (
				058D2FB91B33FEDA00DFB38A /* Main.storyboard in Resources */,
				058D2FBE1B33FEDA00DFB38A /* LaunchScreen.xib in Resources */,
				058D2FBB1B33FEDA00DFB38A /* Images.xcassets in Resources */,
			);
			runOnlyForDeploymentPostprocessing = 0;
		};
		058D2FC11B33FEDA00DFB38A /* Resources */ = {
			isa = PBXResourcesBuildPhase;
			buildActionMask = 2147483647;
			files = (
			);
			runOnlyForDeploymentPostprocessing = 0;
		};
/* End PBXResourcesBuildPhase section */

/* Begin PBXSourcesBuildPhase section */
		058D2FAA1B33FEDA00DFB38A /* Sources */ = {
			isa = PBXSourcesBuildPhase;
			buildActionMask = 2147483647;
			files = (
				058D2FB61B33FEDA00DFB38A /* ViewController.swift in Sources */,
				058D2FB41B33FEDA00DFB38A /* AppDelegate.swift in Sources */,
			);
			runOnlyForDeploymentPostprocessing = 0;
		};
		058D2FBF1B33FEDA00DFB38A /* Sources */ = {
			isa = PBXSourcesBuildPhase;
			buildActionMask = 2147483647;
			files = (
				058D2FCA1B33FEDA00DFB38A /* ProximityTestTests.swift in Sources */,
			);
			runOnlyForDeploymentPostprocessing = 0;
		};
/* End PBXSourcesBuildPhase section */

/* Begin PBXTargetDependency section */
		058D2FC51B33FEDA00DFB38A /* PBXTargetDependency */ = {
			isa = PBXTargetDependency;
			target = 058D2FAD1B33FEDA00DFB38A /* ProximityTest */;
			targetProxy = 058D2FC41B33FEDA00DFB38A /* PBXContainerItemProxy */;
		};
/* End PBXTargetDependency section */

/* Begin PBXVariantGroup section */
		058D2FB71B33FEDA00DFB38A /* Main.storyboard */ = {
			isa = PBXVariantGroup;
			children = (
				058D2FB81B33FEDA00DFB38A /* Base */,
			);
			name = Main.storyboard;
			sourceTree = "<group>";
		};
		058D2FBC1B33FEDA00DFB38A /* LaunchScreen.xib */ = {
			isa = PBXVariantGroup;
			children = (
				058D2FBD1B33FEDA00DFB38A /* Base */,
			);
			name = LaunchScreen.xib;
			sourceTree = "<group>";
		};
/* End PBXVariantGroup section */

/* Begin XCBuildConfiguration section */
		058D2FCB1B33FEDA00DFB38A /* Debug */ = {
			isa = XCBuildConfiguration;
			buildSettings = {
				ALWAYS_SEARCH_USER_PATHS = NO;
				CLANG_CXX_LANGUAGE_STANDARD = "gnu++0x";
				CLANG_CXX_LIBRARY = "libc++";
				CLANG_ENABLE_MODULES = YES;
				CLANG_ENABLE_OBJC_ARC = YES;
				CLANG_WARN_BOOL_CONVERSION = YES;
				CLANG_WARN_CONSTANT_CONVERSION = YES;
				CLANG_WARN_DIRECT_OBJC_ISA_USAGE = YES_ERROR;
				CLANG_WARN_EMPTY_BODY = YES;
				CLANG_WARN_ENUM_CONVERSION = YES;
				CLANG_WARN_INT_CONVERSION = YES;
				CLANG_WARN_OBJC_ROOT_CLASS = YES_ERROR;
				CLANG_WARN_UNREACHABLE_CODE = YES;
				CLANG_WARN__DUPLICATE_METHOD_MATCH = YES;
				"CODE_SIGN_IDENTITY[sdk=iphoneos*]" = "iPhone Developer";
				COPY_PHASE_STRIP = NO;
				DEBUG_INFORMATION_FORMAT = "dwarf-with-dsym";
				ENABLE_STRICT_OBJC_MSGSEND = YES;
				GCC_C_LANGUAGE_STANDARD = gnu99;
				GCC_DYNAMIC_NO_PIC = NO;
				GCC_NO_COMMON_BLOCKS = YES;
				GCC_OPTIMIZATION_LEVEL = 0;
				GCC_PREPROCESSOR_DEFINITIONS = (
					"DEBUG=1",
					"$(inherited)",
				);
				GCC_SYMBOLS_PRIVATE_EXTERN = NO;
				GCC_WARN_64_TO_32_BIT_CONVERSION = YES;
				GCC_WARN_ABOUT_RETURN_TYPE = YES_ERROR;
				GCC_WARN_UNDECLARED_SELECTOR = YES;
				GCC_WARN_UNINITIALIZED_AUTOS = YES_AGGRESSIVE;
				GCC_WARN_UNUSED_FUNCTION = YES;
				GCC_WARN_UNUSED_VARIABLE = YES;
				IPHONEOS_DEPLOYMENT_TARGET = 8.3;
				MTL_ENABLE_DEBUG_INFO = YES;
				ONLY_ACTIVE_ARCH = YES;
				SDKROOT = iphoneos;
				SWIFT_OPTIMIZATION_LEVEL = "-Onone";
				TARGETED_DEVICE_FAMILY = "1,2";
			};
			name = Debug;
		};
		058D2FCC1B33FEDA00DFB38A /* Release */ = {
			isa = XCBuildConfiguration;
			buildSettings = {
				ALWAYS_SEARCH_USER_PATHS = NO;
				CLANG_CXX_LANGUAGE_STANDARD = "gnu++0x";
				CLANG_CXX_LIBRARY = "libc++";
				CLANG_ENABLE_MODULES = YES;
				CLANG_ENABLE_OBJC_ARC = YES;
				CLANG_WARN_BOOL_CONVERSION = YES;
				CLANG_WARN_CONSTANT_CONVERSION = YES;
				CLANG_WARN_DIRECT_OBJC_ISA_USAGE = YES_ERROR;
				CLANG_WARN_EMPTY_BODY = YES;
				CLANG_WARN_ENUM_CONVERSION = YES;
				CLANG_WARN_INT_CONVERSION = YES;
				CLANG_WARN_OBJC_ROOT_CLASS = YES_ERROR;
				CLANG_WARN_UNREACHABLE_CODE = YES;
				CLANG_WARN__DUPLICATE_METHOD_MATCH = YES;
				"CODE_SIGN_IDENTITY[sdk=iphoneos*]" = "iPhone Developer";
				COPY_PHASE_STRIP = NO;
				DEBUG_INFORMATION_FORMAT = "dwarf-with-dsym";
				ENABLE_NS_ASSERTIONS = NO;
				ENABLE_STRICT_OBJC_MSGSEND = YES;
				GCC_C_LANGUAGE_STANDARD = gnu99;
				GCC_NO_COMMON_BLOCKS = YES;
				GCC_WARN_64_TO_32_BIT_CONVERSION = YES;
				GCC_WARN_ABOUT_RETURN_TYPE = YES_ERROR;
				GCC_WARN_UNDECLARED_SELECTOR = YES;
				GCC_WARN_UNINITIALIZED_AUTOS = YES_AGGRESSIVE;
				GCC_WARN_UNUSED_FUNCTION = YES;
				GCC_WARN_UNUSED_VARIABLE = YES;
				IPHONEOS_DEPLOYMENT_TARGET = 8.3;
				MTL_ENABLE_DEBUG_INFO = NO;
				SDKROOT = iphoneos;
				TARGETED_DEVICE_FAMILY = "1,2";
				VALIDATE_PRODUCT = YES;
			};
			name = Release;
		};
		058D2FCE1B33FEDA00DFB38A /* Debug */ = {
			isa = XCBuildConfiguration;
			buildSettings = {
				ASSETCATALOG_COMPILER_APPICON_NAME = AppIcon;
				CODE_SIGN_IDENTITY = "iPhone Developer";
				INFOPLIST_FILE = ProximityTest/Info.plist;
				IPHONEOS_DEPLOYMENT_TARGET = 7.0;
				LD_RUNPATH_SEARCH_PATHS = "$(inherited) @executable_path/Frameworks";
				PRODUCT_NAME = "$(TARGET_NAME)";
				TARGETED_DEVICE_FAMILY = "1,2";
			};
			name = Debug;
		};
		058D2FCF1B33FEDA00DFB38A /* Release */ = {
			isa = XCBuildConfiguration;
			buildSettings = {
				ASSETCATALOG_COMPILER_APPICON_NAME = AppIcon;
				CODE_SIGN_IDENTITY = "iPhone Developer";
				INFOPLIST_FILE = ProximityTest/Info.plist;
				IPHONEOS_DEPLOYMENT_TARGET = 7.0;
				LD_RUNPATH_SEARCH_PATHS = "$(inherited) @executable_path/Frameworks";
				PRODUCT_NAME = "$(TARGET_NAME)";
				TARGETED_DEVICE_FAMILY = "1,2";
			};
			name = Release;
		};
		058D2FD11B33FEDA00DFB38A /* Debug */ = {
			isa = XCBuildConfiguration;
			buildSettings = {
				BUNDLE_LOADER = "$(TEST_HOST)";
				FRAMEWORK_SEARCH_PATHS = (
					"$(SDKROOT)/Developer/Library/Frameworks",
					"$(inherited)",
				);
				GCC_PREPROCESSOR_DEFINITIONS = (
					"DEBUG=1",
					"$(inherited)",
				);
				INFOPLIST_FILE = ProximityTestTests/Info.plist;
				LD_RUNPATH_SEARCH_PATHS = "$(inherited) @executable_path/Frameworks @loader_path/Frameworks";
				PRODUCT_NAME = "$(TARGET_NAME)";
				TEST_HOST = "$(BUILT_PRODUCTS_DIR)/ProximityTest.app/ProximityTest";
			};
			name = Debug;
		};
		058D2FD21B33FEDA00DFB38A /* Release */ = {
			isa = XCBuildConfiguration;
			buildSettings = {
				BUNDLE_LOADER = "$(TEST_HOST)";
				FRAMEWORK_SEARCH_PATHS = (
					"$(SDKROOT)/Developer/Library/Frameworks",
					"$(inherited)",
				);
				INFOPLIST_FILE = ProximityTestTests/Info.plist;
				LD_RUNPATH_SEARCH_PATHS = "$(inherited) @executable_path/Frameworks @loader_path/Frameworks";
				PRODUCT_NAME = "$(TARGET_NAME)";
				TEST_HOST = "$(BUILT_PRODUCTS_DIR)/ProximityTest.app/ProximityTest";
			};
			name = Release;
		};
/* End XCBuildConfiguration section */

/* Begin XCConfigurationList section */
		058D2FA91B33FEDA00DFB38A /* Build configuration list for PBXProject "ProximityTest" */ = {
			isa = XCConfigurationList;
			buildConfigurations = (
				058D2FCB1B33FEDA00DFB38A /* Debug */,
				058D2FCC1B33FEDA00DFB38A /* Release */,
			);
			defaultConfigurationIsVisible = 0;
			defaultConfigurationName = Release;
		};
		058D2FCD1B33FEDA00DFB38A /* Build configuration list for PBXNativeTarget "ProximityTest" */ = {
			isa = XCConfigurationList;
			buildConfigurations = (
				058D2FCE1B33FEDA00DFB38A /* Debug */,
				058D2FCF1B33FEDA00DFB38A /* Release */,
			);
			defaultConfigurationIsVisible = 0;
			defaultConfigurationName = Release;
		};
		058D2FD01B33FEDA00DFB38A /* Build configuration list for PBXNativeTarget "ProximityTestTests" */ = {
			isa = XCConfigurationList;
			buildConfigurations = (
				058D2FD11B33FEDA00DFB38A /* Debug */,
				058D2FD21B33FEDA00DFB38A /* Release */,
			);
			defaultConfigurationIsVisible = 0;
			defaultConfigurationName = Release;
		};
/* End XCConfigurationList section */
	};
	rootObject = 058D2FA61B33FEDA00DFB38A /* Project object */;
}
